
Microsoft Visual Studio Solution File, Format Version 12.00
# Visual Studio Version 17
VisualStudioVersion = 17.14.36202.13
MinimumVisualStudioVersion = 10.0.40219.1
Project("{FAE04EC0-301F-11D3-BF4B-00C04F79EFBC}") = "JudgeAPI", "JudgeAPI\JudgeAPI.csproj", "{54D4261D-21CB-4DA4-B228-938D69912969}"
EndProject
Project("{E53339B2-1760-4266-BCC7-CA923CBCF16C}") = "docker-compose", "docker-compose.dcproj", "{81DDED9D-158B-E303-5F62-77A2896D2A5A}"
EndProject
Project("{FAE04EC0-301F-11D3-BF4B-00C04F79EFBC}") = "RunnerApp", "RunnerApp\RunnerApp.csproj", "{F1F88F3C-672E-D921-9878-8FF904610300}"
EndProject
Global
	GlobalSection(SolutionConfigurationPlatforms) = preSolution
		Debug|Any CPU = Debug|Any CPU
		Release|Any CPU = Release|Any CPU
	EndGlobalSection
	GlobalSection(ProjectConfigurationPlatforms) = postSolution
		{54D4261D-21CB-4DA4-B228-938D69912969}.Debug|Any CPU.ActiveCfg = Debug|Any CPU
		{54D4261D-21CB-4DA4-B228-938D69912969}.Debug|Any CPU.Build.0 = Debug|Any CPU
		{54D4261D-21CB-4DA4-B228-938D69912969}.Release|Any CPU.ActiveCfg = Release|Any CPU
		{54D4261D-21CB-4DA4-B228-938D69912969}.Release|Any CPU.Build.0 = Release|Any CPU
		{81DDED9D-158B-E303-5F62-77A2896D2A5A}.Debug|Any CPU.ActiveCfg = Debug|Any CPU
		{81DDED9D-158B-E303-5F62-77A2896D2A5A}.Debug|Any CPU.Build.0 = Debug|Any CPU
		{81DDED9D-158B-E303-5F62-77A2896D2A5A}.Release|Any CPU.ActiveCfg = Release|Any CPU
		{81DDED9D-158B-E303-5F62-77A2896D2A5A}.Release|Any CPU.Build.0 = Release|Any CPU
		{F1F88F3C-672E-D921-9878-8FF904610300}.Debug|Any CPU.ActiveCfg = Debug|Any CPU
		{F1F88F3C-672E-D921-9878-8FF904610300}.Debug|Any CPU.Build.0 = Debug|Any CPU
		{F1F88F3C-672E-D921-9878-8FF904610300}.Release|Any CPU.ActiveCfg = Release|Any CPU
		{F1F88F3C-672E-D921-9878-8FF904610300}.Release|Any CPU.Build.0 = Release|Any CPU
	EndGlobalSection
	GlobalSection(SolutionProperties) = preSolution
		HideSolutionNode = FALSE
	EndGlobalSection
	GlobalSection(ExtensibilityGlobals) = postSolution
		SolutionGuid = {37BA93B3-41FA-4FAA-B9C1-2E3A4E9EBF4A}
	EndGlobalSection
EndGlobal
